
Microsoft Visual Studio Solution File, Format Version 12.00
# Visual Studio Version 16
VisualStudioVersion = 16.0.30225.117
MinimumVisualStudioVersion = 10.0.40219.1
Project("{FAE04EC0-301F-11D3-BF4B-00C04F79EFBC}") = "WindowsFormsApp54", "WindowsFormsApp54\WindowsFormsApp54.csproj", "{2F98DCA5-5A65-4CBE-BBB3-1430F1695330}"
EndProject
Global
	GlobalSection(SolutionConfigurationPlatforms) = preSolution
		Debug|Any CPU = Debug|Any CPU
		Release|Any CPU = Release|Any CPU
	EndGlobalSection
	GlobalSection(ProjectConfigurationPlatforms) = postSolution
		{2F98DCA5-5A65-4CBE-BBB3-1430F1695330}.Debug|Any CPU.ActiveCfg = Debug|Any CPU
		{2F98DCA5-5A65-4CBE-BBB3-1430F1695330}.Debug|Any CPU.Build.0 = Debug|Any CPU
		{2F98DCA5-5A65-4CBE-BBB3-1430F1695330}.Release|Any CPU.ActiveCfg = Release|Any CPU
		{2F98DCA5-5A65-4CBE-BBB3-1430F1695330}.Release|Any CPU.Build.0 = Release|Any CPU
	EndGlobalSection
	GlobalSection(SolutionProperties) = preSolution
		HideSolutionNode = FALSE
	EndGlobalSection
	GlobalSection(ExtensibilityGlobals) = postSolution
		SolutionGuid = {4186C2F8-F81A-468A-9300-A6EB90F55A06}
	EndGlobalSection
EndGlobal
